
Microsoft Visual Studio Solution File, Format Version 12.00
# Visual Studio Version 16
VisualStudioVersion = 16.0.31129.286
MinimumVisualStudioVersion = 10.0.40219.1
Project("{8BC9CEB8-8B4A-11D0-8D11-00A0C91BC942}") = "Week3-3-1", "Week3-3-1\Week3-3-1.vcxproj", "{412C9FFF-6C06-4527-9AEC-91D6CAC149AB}"
EndProject
Global
	GlobalSection(SolutionConfigurationPlatforms) = preSolution
		Debug|x64 = Debug|x64
		Debug|x86 = Debug|x86
		Release|x64 = Release|x64
		Release|x86 = Release|x86
	EndGlobalSection
	GlobalSection(ProjectConfigurationPlatforms) = postSolution
		{412C9FFF-6C06-4527-9AEC-91D6CAC149AB}.Debug|x64.ActiveCfg = Debug|x64
		{412C9FFF-6C06-4527-9AEC-91D6CAC149AB}.Debug|x64.Build.0 = Debug|x64
		{412C9FFF-6C06-4527-9AEC-91D6CAC149AB}.Debug|x86.ActiveCfg = Debug|Win32
		{412C9FFF-6C06-4527-9AEC-91D6CAC149AB}.Debug|x86.Build.0 = Debug|Win32
		{412C9FFF-6C06-4527-9AEC-91D6CAC149AB}.Release|x64.ActiveCfg = Release|x64
		{412C9FFF-6C06-4527-9AEC-91D6CAC149AB}.Release|x64.Build.0 = Release|x64
		{412C9FFF-6C06-4527-9AEC-91D6CAC149AB}.Release|x86.ActiveCfg = Release|Win32
		{412C9FFF-6C06-4527-9AEC-91D6CAC149AB}.Release|x86.Build.0 = Release|Win32
	EndGlobalSection
	GlobalSection(SolutionProperties) = preSolution
		HideSolutionNode = FALSE
	EndGlobalSection
	GlobalSection(ExtensibilityGlobals) = postSolution
		SolutionGuid = {3B26CE69-6F5C-4839-A70C-55DD8D4D013E}
	EndGlobalSection
EndGlobal
